
Microsoft Visual Studio Solution File, Format Version 12.00
# Visual Studio Version 17
VisualStudioVersion = 17.4.33205.214
MinimumVisualStudioVersion = 10.0.40219.1
Project("{FAE04EC0-301F-11D3-BF4B-00C04F79EFBC}") = "Png2Ico", "Png2Ico\Png2Ico.csproj", "{DCB81532-71BE-49C1-A46A-C53B21BBDE1C}"
EndProject
Global
	GlobalSection(SolutionConfigurationPlatforms) = preSolution
		Debug|Any CPU = Debug|Any CPU
		Release|Any CPU = Release|Any CPU
	EndGlobalSection
	GlobalSection(ProjectConfigurationPlatforms) = postSolution
		{DCB81532-71BE-49C1-A46A-C53B21BBDE1C}.Debug|Any CPU.ActiveCfg = Debug|Any CPU
		{DCB81532-71BE-49C1-A46A-C53B21BBDE1C}.Debug|Any CPU.Build.0 = Debug|Any CPU
		{DCB81532-71BE-49C1-A46A-C53B21BBDE1C}.Release|Any CPU.ActiveCfg = Release|Any CPU
		{DCB81532-71BE-49C1-A46A-C53B21BBDE1C}.Release|Any CPU.Build.0 = Release|Any CPU
	EndGlobalSection
	GlobalSection(SolutionProperties) = preSolution
		HideSolutionNode = FALSE
	EndGlobalSection
	GlobalSection(ExtensibilityGlobals) = postSolution
		SolutionGuid = {6C0A670A-49D4-46D5-BEFB-4AD62C14378C}
	EndGlobalSection
EndGlobal
